<?xml version="1.0"?>
<!DOCTYPE CodeBlocks_project_file>
<CodeBlocks_project_file>
	<FileVersion major="1" minor="1"/>
	<Project>
		<Option title="DisableWfpUntilNextReboot"/>
		<Option makefile="Makefile"/>
		<Option makefile_is_custom="0"/>
		<Option compiler="0"/>
		<Build>
			<Target title="default">
				<Option output=".\DisableWfpUntilNextReboot.exe"/>
				<Option working_dir="."/>
				<Option object_output=".objs"/>
				<Option deps_output=".deps"/>
				<Option type="1"/>
				<Option compiler="0"/>
				<Option projectResourceIncludeDirsRelation="1"/>
			</Target>
		</Build>
		<Linker>
			<Add option="-nostdlib"/>
			<Add option="-Wl,--file-alignment,16"/>
			<Add option="-Wl,--section-alignment,16"/>
			<Add option="-Wl,--entry,_entry"/>
			<Add library="kernel32"/>
			<Add library="advapi32"/>
		</Linker>
		<Unit filename="Commons.h">
			<Option compilerVar=""/>
			<Option compile="0"/>
			<Option link="0"/>
			<Option target="default"/>
		</Unit>
		<Unit filename="DisableSfc.cpp">
			<Option compilerVar="CPP"/>
			<Option target="default"/>
		</Unit>
		<Unit filename="GetDebugPrivileges.cpp">
			<Option compilerVar="CPP"/>
			<Option target="default"/>
		</Unit>
		<Unit filename="GetPidByProcessName.cpp">
			<Option compilerVar="CPP"/>
			<Option target="default"/>
		</Unit>
		<Unit filename="Miscellaneous.cpp">
			<Option compilerVar="CPP"/>
			<Option target="default"/>
		</Unit>
		<Unit filename="main.cpp">
			<Option compilerVar="CPP"/>
			<Option target="default"/>
		</Unit>
	</Project>
</CodeBlocks_project_file>
